PODS:
  - KKExtensionKit (1.0.3):
    - KKExtensionKit/Core (= 1.0.3)
  - KKExtensionKit/Base (1.0.3)
  - KKExtensionKit/Core (1.0.3):
    - KKExtensionKit/Base
    - "KKExtensionKit/MProgressHUD+Extension"
    - "KKExtensionKit/SVProgressHUD+Extension"
    - "KKExtensionKit/Texture+Extension"
  - "KKExtensionKit/MProgressHUD+Extension (1.0.3)":
    - MBProgressHUD (~> 1.1.0)
  - "KKExtensionKit/SVProgressHUD+Extension (1.0.3)":
    - SVProgressHUD
  - "KKExtensionKit/Texture+Extension (1.0.3)":
    - SDWebImage
    - Texture/Core
  - MBProgressHUD (1.1.0)
  - SDWebImage (5.0.6):
    - SDWebImage/Core (= 5.0.6)
  - SDWebImage/Core (5.0.6)
  - SVProgressHUD (2.2.5)
  - Texture/Core (2.8.1)

DEPENDENCIES:
  - KKExtensionKit (from `../`)

SPEC REPOS:
  https://github.com/cocoapods/specs.git:
    - MBProgressHUD
    - SDWebImage
    - SVProgressHUD
    - Texture

EXTERNAL SOURCES:
  KKExtensionKit:
    :path: "../"

SPEC CHECKSUMS:
  KKExtensionKit: 24e07eac635f21da25770a1599b0cf8c2c2978bb
  MBProgressHUD: e7baa36a220447d8aeb12769bf0585582f3866d9
  SDWebImage: 920f1a2ff1ca8296ad34f6e0510a1ef1d70ac965
  SVProgressHUD: 1428aafac632c1f86f62aa4243ec12008d7a51d6
  Texture: 8ecf6984065a1e54f06bf97b349ecca28582acd7

PODFILE CHECKSUM: c6efc1653b9d13bd4a2be6386a0507d1d2a7e633

COCOAPODS: 1.7.0.rc.1
